// !$*UTF8*$!
{
	archiveVersion = 1;
	classes = {
	};
	objectVersion = 50;
	objects = {

/* Begin PBXBuildFile section */
		A024B65B27554D0900EC6A1E /* AppDelegate.swift in Sources */ = {isa = PBXBuildFile; fileRef = A024B65A27554D0900EC6A1E /* AppDelegate.swift */; };
		A024B65D27554D0900EC6A1E /* SceneDelegate.swift in Sources */ = {isa = PBXBuildFile; fileRef = A024B65C27554D0900EC6A1E /* SceneDelegate.swift */; };
		A024B65F27554D0900EC6A1E /* ViewController.swift in Sources */ = {isa = PBXBuildFile; fileRef = A024B65E27554D0900EC6A1E /* ViewController.swift */; };
		A024B66227554D0900EC6A1E /* Main.storyboard in Resources */ = {isa = PBXBuildFile; fileRef = A024B66027554D0900EC6A1E /* Main.storyboard */; };
		A024B66427554D0D00EC6A1E /* Assets.xcassets in Resources */ = {isa = PBXBuildFile; fileRef = A024B66327554D0D00EC6A1E /* Assets.xcassets */; };
		A024B66727554D0D00EC6A1E /* LaunchScreen.storyboard in Resources */ = {isa = PBXBuildFile; fileRef = A024B66527554D0D00EC6A1E /* LaunchScreen.storyboard */; };
/* End PBXBuildFile section */

/* Begin PBXFileReference section */
		A024B65727554D0900EC6A1E /* HomeWork2 (sliders).app */ = {isa = PBXFileReference; explicitFileType = wrapper.application; includeInIndex = 0; path = "HomeWork2 (sliders).app"; sourceTree = BUILT_PRODUCTS_DIR; };
		A024B65A27554D0900EC6A1E /* AppDelegate.swift */ = {isa = PBXFileReference; lastKnownFileType = sourcecode.swift; path = AppDelegate.swift; sourceTree = "<group>"; };
		A024B65C27554D0900EC6A1E /* SceneDelegate.swift */ = {isa = PBXFileReference; lastKnownFileType = sourcecode.swift; path = SceneDelegate.swift; sourceTree = "<group>"; };
		A024B65E27554D0900EC6A1E /* ViewController.swift */ = {isa = PBXFileReference; lastKnownFileType = sourcecode.swift; path = ViewController.swift; sourceTree = "<group>"; };
		A024B66127554D0900EC6A1E /* Base */ = {isa = PBXFileReference; lastKnownFileType = file.storyboard; name = Base; path = Base.lproj/Main.storyboard; sourceTree = "<group>"; };
		A024B66327554D0D00EC6A1E /* Assets.xcassets */ = {isa = PBXFileReference; lastKnownFileType = folder.assetcatalog; path = Assets.xcassets; sourceTree = "<group>"; };
		A024B66627554D0D00EC6A1E /* Base */ = {isa = PBXFileReference; lastKnownFileType = file.storyboard; name = Base; path = Base.lproj/LaunchScreen.storyboard; sourceTree = "<group>"; };
		A024B66827554D0D00EC6A1E /* Info.plist */ = {isa = PBXFileReference; lastKnownFileType = text.plist.xml; path = Info.plist; sourceTree = "<group>"; };
/* End PBXFileReference section */

/* Begin PBXFrameworksBuildPhase section */
		A024B65427554D0900EC6A1E /* Frameworks */ = {
			isa = PBXFrameworksBuildPhase;
			buildActionMask = 2147483647;
			files = (
			);
			runOnlyForDeploymentPostprocessing = 0;
		};
/* End PBXFrameworksBuildPhase section */

/* Begin PBXGroup section */
		A024B64E27554D0900EC6A1E = {
			isa = PBXGroup;
			children = (
				A024B65927554D0900EC6A1E /* HomeWork2 (sliders) */,
				A024B65827554D0900EC6A1E /* Products */,
			);
			sourceTree = "<group>";
		};
		A024B65827554D0900EC6A1E /* Products */ = {
			isa = PBXGroup;
			children = (
				A024B65727554D0900EC6A1E /* HomeWork2 (sliders).app */,
			);
			name = Products;
			sourceTree = "<group>";
		};
		A024B65927554D0900EC6A1E /* HomeWork2 (sliders) */ = {
			isa = PBXGroup;
			children = (
				A024B65A27554D0900EC6A1E /* AppDelegate.swift */,
				A024B65C27554D0900EC6A1E /* SceneDelegate.swift */,
				A024B65E27554D0900EC6A1E /* ViewController.swift */,
				A024B66027554D0900EC6A1E /* Main.storyboard */,
				A024B66327554D0D00EC6A1E /* Assets.xcassets */,
				A024B66527554D0D00EC6A1E /* LaunchScreen.storyboard */,
				A024B66827554D0D00EC6A1E /* Info.plist */,
			);
			path = "HomeWork2 (sliders)";
			sourceTree = "<group>";
		};
/* End PBXGroup section */

/* Begin PBXNativeTarget section */
		A024B65627554D0900EC6A1E /* HomeWork2 (sliders) */ = {
			isa = PBXNativeTarget;
			buildConfigurationList = A024B66B27554D0D00EC6A1E /* Build configuration list for PBXNativeTarget "HomeWork2 (sliders)" */;
			buildPhases = (
				A024B65327554D0900EC6A1E /* Sources */,
				A024B65427554D0900EC6A1E /* Frameworks */,
				A024B65527554D0900EC6A1E /* Resources */,
			);
			buildRules = (
			);
			dependencies = (
			);
			name = "HomeWork2 (sliders)";
			productName = "HomeWork2 (sliders)";
			productReference = A024B65727554D0900EC6A1E /* HomeWork2 (sliders).app */;
			productType = "com.apple.product-type.application";
		};
/* End PBXNativeTarget section */

/* Begin PBXProject section */
		A024B64F27554D0900EC6A1E /* Project object */ = {
			isa = PBXProject;
			attributes = {
				LastSwiftUpdateCheck = 1120;
				LastUpgradeCheck = 1120;
				ORGANIZATIONNAME = "Sergey Pavlov";
				TargetAttributes = {
					A024B65627554D0900EC6A1E = {
						CreatedOnToolsVersion = 11.2.1;
					};
				};
			};
			buildConfigurationList = A024B65227554D0900EC6A1E /* Build configuration list for PBXProject "HomeWork2 (sliders)" */;
			compatibilityVersion = "Xcode 9.3";
			developmentRegion = en;
			hasScannedForEncodings = 0;
			knownRegions = (
				en,
				Base,
			);
			mainGroup = A024B64E27554D0900EC6A1E;
			productRefGroup = A024B65827554D0900EC6A1E /* Products */;
			projectDirPath = "";
			projectRoot = "";
			targets = (
				A024B65627554D0900EC6A1E /* HomeWork2 (sliders) */,
			);
		};
/* End PBXProject section */

/* Begin PBXResourcesBuildPhase section */
		A024B65527554D0900EC6A1E /* Resources */ = {
			isa = PBXResourcesBuildPhase;
			buildActionMask = 2147483647;
			files = (
				A024B66727554D0D00EC6A1E /* LaunchScreen.storyboard in Resources */,
				A024B66427554D0D00EC6A1E /* Assets.xcassets in Resources */,
				A024B66227554D0900EC6A1E /* Main.storyboard in Resources */,
			);
			runOnlyForDeploymentPostprocessing = 0;
		};
/* End PBXResourcesBuildPhase section */

/* Begin PBXSourcesBuildPhase section */
		A024B65327554D0900EC6A1E /* Sources */ = {
			isa = PBXSourcesBuildPhase;
			buildActionMask = 2147483647;
			files = (
				A024B65F27554D0900EC6A1E /* ViewController.swift in Sources */,
				A024B65B27554D0900EC6A1E /* AppDelegate.swift in Sources */,
				A024B65D27554D0900EC6A1E /* SceneDelegate.swift in Sources */,
			);
			runOnlyForDeploymentPostprocessing = 0;
		};
/* End PBXSourcesBuildPhase section */

/* Begin PBXVariantGroup section */
		A024B66027554D0900EC6A1E /* Main.storyboard */ = {
			isa = PBXVariantGroup;
			children = (
				A024B66127554D0900EC6A1E /* Base */,
			);
			name = Main.storyboard;
			sourceTree = "<group>";
		};
		A024B66527554D0D00EC6A1E /* LaunchScreen.storyboard */ = {
			isa = PBXVariantGroup;
			children = (
				A024B66627554D0D00EC6A1E /* Base */,
			);
			name = LaunchScreen.storyboard;
			sourceTree = "<group>";
		};
/* End PBXVariantGroup section */

/* Begin XCBuildConfiguration section */
		A024B66927554D0D00EC6A1E /* Debug */ = {
			isa = XCBuildConfiguration;
			buildSettings = {
				ALWAYS_SEARCH_USER_PATHS = NO;
				CLANG_ANALYZER_NONNULL = YES;
				CLANG_ANALYZER_NUMBER_OBJECT_CONVERSION = YES_AGGRESSIVE;
				CLANG_CXX_LANGUAGE_STANDARD = "gnu++14";
				CLANG_CXX_LIBRARY = "libc++";
				CLANG_ENABLE_MODULES = YES;
				CLANG_ENABLE_OBJC_ARC = YES;
				CLANG_ENABLE_OBJC_WEAK = YES;
				CLANG_WARN_BLOCK_CAPTURE_AUTORELEASING = YES;
				CLANG_WARN_BOOL_CONVERSION = YES;
				CLANG_WARN_COMMA = YES;
				CLANG_WARN_CONSTANT_CONVERSION = YES;
				CLANG_WARN_DEPRECATED_OBJC_IMPLEMENTATIONS = YES;
				CLANG_WARN_DIRECT_OBJC_ISA_USAGE = YES_ERROR;
				CLANG_WARN_DOCUMENTATION_COMMENTS = YES;
				CLANG_WARN_EMPTY_BODY = YES;
				CLANG_WARN_ENUM_CONVERSION = YES;
				CLANG_WARN_INFINITE_RECURSION = YES;
				CLANG_WARN_INT_CONVERSION = YES;
				CLANG_WARN_NON_LITERAL_NULL_CONVERSION = YES;
				CLANG_WARN_OBJC_IMPLICIT_RETAIN_SELF = YES;
				CLANG_WARN_OBJC_LITERAL_CONVERSION = YES;
				CLANG_WARN_OBJC_ROOT_CLASS = YES_ERROR;
				CLANG_WARN_RANGE_LOOP_ANALYSIS = YES;
				CLANG_WARN_STRICT_PROTOTYPES = YES;
				CLANG_WARN_SUSPICIOUS_MOVE = YES;
				CLANG_WARN_UNGUARDED_AVAILABILITY = YES_AGGRESSIVE;
				CLANG_WARN_UNREACHABLE_CODE = YES;
				CLANG_WARN__DUPLICATE_METHOD_MATCH = YES;
				COPY_PHASE_STRIP = NO;
				DEBUG_INFORMATION_FORMAT = dwarf;
				ENABLE_STRICT_OBJC_MSGSEND = YES;
				ENABLE_TESTABILITY = YES;
				GCC_C_LANGUAGE_STANDARD = gnu11;
				GCC_DYNAMIC_NO_PIC = NO;
				GCC_NO_COMMON_BLOCKS = YES;
				GCC_OPTIMIZATION_LEVEL = 0;
				GCC_PREPROCESSOR_DEFINITIONS = (
					"DEBUG=1",
					"$(inherited)",
				);
				GCC_WARN_64_TO_32_BIT_CONVERSION = YES;
				GCC_WARN_ABOUT_RETURN_TYPE = YES_ERROR;
				GCC_WARN_UNDECLARED_SELECTOR = YES;
				GCC_WARN_UNINITIALIZED_AUTOS = YES_AGGRESSIVE;
				GCC_WARN_UNUSED_FUNCTION = YES;
				GCC_WARN_UNUSED_VARIABLE = YES;
				IPHONEOS_DEPLOYMENT_TARGET = 13.2;
				MTL_ENABLE_DEBUG_INFO = INCLUDE_SOURCE;
				MTL_FAST_MATH = YES;
				ONLY_ACTIVE_ARCH = YES;
				SDKROOT = iphoneos;
				SWIFT_ACTIVE_COMPILATION_CONDITIONS = DEBUG;
				SWIFT_OPTIMIZATION_LEVEL = "-Onone";
			};
			name = Debug;
		};
		A024B66A27554D0D00EC6A1E /* Release */ = {
			isa = XCBuildConfiguration;
			buildSettings = {
				ALWAYS_SEARCH_USER_PATHS = NO;
				CLANG_ANALYZER_NONNULL = YES;
				CLANG_ANALYZER_NUMBER_OBJECT_CONVERSION = YES_AGGRESSIVE;
				CLANG_CXX_LANGUAGE_STANDARD = "gnu++14";
				CLANG_CXX_LIBRARY = "libc++";
				CLANG_ENABLE_MODULES = YES;
				CLANG_ENABLE_OBJC_ARC = YES;
				CLANG_ENABLE_OBJC_WEAK = YES;
				CLANG_WARN_BLOCK_CAPTURE_AUTORELEASING = YES;
				CLANG_WARN_BOOL_CONVERSION = YES;
				CLANG_WARN_COMMA = YES;
				CLANG_WARN_CONSTANT_CONVERSION = YES;
				CLANG_WARN_DEPRECATED_OBJC_IMPLEMENTATIONS = YES;
				CLANG_WARN_DIRECT_OBJC_ISA_USAGE = YES_ERROR;
				CLANG_WARN_DOCUMENTATION_COMMENTS = YES;
				CLANG_WARN_EMPTY_BODY = YES;
				CLANG_WARN_ENUM_CONVERSION = YES;
				CLANG_WARN_INFINITE_RECURSION = YES;
				CLANG_WARN_INT_CONVERSION = YES;
				CLANG_WARN_NON_LITERAL_NULL_CONVERSION = YES;
				CLANG_WARN_OBJC_IMPLICIT_RETAIN_SELF = YES;
				CLANG_WARN_OBJC_LITERAL_CONVERSION = YES;
				CLANG_WARN_OBJC_ROOT_CLASS = YES_ERROR;
				CLANG_WARN_RANGE_LOOP_ANALYSIS = YES;
				CLANG_WARN_STRICT_PROTOTYPES = YES;
				CLANG_WARN_SUSPICIOUS_MOVE = YES;
				CLANG_WARN_UNGUARDED_AVAILABILITY = YES_AGGRESSIVE;
				CLANG_WARN_UNREACHABLE_CODE = YES;
				CLANG_WARN__DUPLICATE_METHOD_MATCH = YES;
				COPY_PHASE_STRIP = NO;
				DEBUG_INFORMATION_FORMAT = "dwarf-with-dsym";
				ENABLE_NS_ASSERTIONS = NO;
				ENABLE_STRICT_OBJC_MSGSEND = YES;
				GCC_C_LANGUAGE_STANDARD = gnu11;
				GCC_NO_COMMON_BLOCKS = YES;
				GCC_WARN_64_TO_32_BIT_CONVERSION = YES;
				GCC_WARN_ABOUT_RETURN_TYPE = YES_ERROR;
				GCC_WARN_UNDECLARED_SELECTOR = YES;
				GCC_WARN_UNINITIALIZED_AUTOS = YES_AGGRESSIVE;
				GCC_WARN_UNUSED_FUNCTION = YES;
				GCC_WARN_UNUSED_VARIABLE = YES;
				IPHONEOS_DEPLOYMENT_TARGET = 13.2;
				MTL_ENABLE_DEBUG_INFO = NO;
				MTL_FAST_MATH = YES;
				SDKROOT = iphoneos;
				SWIFT_COMPILATION_MODE = wholemodule;
				SWIFT_OPTIMIZATION_LEVEL = "-O";
				VALIDATE_PRODUCT = YES;
			};
			name = Release;
		};
		A024B66C27554D0D00EC6A1E /* Debug */ = {
			isa = XCBuildConfiguration;
			buildSettings = {
				ASSETCATALOG_COMPILER_APPICON_NAME = AppIcon;
				CODE_SIGN_STYLE = Automatic;
				DEVELOPMENT_TEAM = F978FGBWMJ;
				INFOPLIST_FILE = "HomeWork2 (sliders)/Info.plist";
				LD_RUNPATH_SEARCH_PATHS = (
					"$(inherited)",
					"@executable_path/Frameworks",
				);
				PRODUCT_BUNDLE_IDENTIFIER = "lesson.HomeWork2--sliders-";
				PRODUCT_NAME = "$(TARGET_NAME)";
				SWIFT_VERSION = 5.0;
				TARGETED_DEVICE_FAMILY = "1,2";
			};
			name = Debug;
		};
		A024B66D27554D0D00EC6A1E /* Release */ = {
			isa = XCBuildConfiguration;
			buildSettings = {
				ASSETCATALOG_COMPILER_APPICON_NAME = AppIcon;
				CODE_SIGN_STYLE = Automatic;
				DEVELOPMENT_TEAM = F978FGBWMJ;
				INFOPLIST_FILE = "HomeWork2 (sliders)/Info.plist";
				LD_RUNPATH_SEARCH_PATHS = (
					"$(inherited)",
					"@executable_path/Frameworks",
				);
				PRODUCT_BUNDLE_IDENTIFIER = "lesson.HomeWork2--sliders-";
				PRODUCT_NAME = "$(TARGET_NAME)";
				SWIFT_VERSION = 5.0;
				TARGETED_DEVICE_FAMILY = "1,2";
			};
			name = Release;
		};
/* End XCBuildConfiguration section */

/* Begin XCConfigurationList section */
		A024B65227554D0900EC6A1E /* Build configuration list for PBXProject "HomeWork2 (sliders)" */ = {
			isa = XCConfigurationList;
			buildConfigurations = (
				A024B66927554D0D00EC6A1E /* Debug */,
				A024B66A27554D0D00EC6A1E /* Release */,
			);
			defaultConfigurationIsVisible = 0;
			defaultConfigurationName = Release;
		};
		A024B66B27554D0D00EC6A1E /* Build configuration list for PBXNativeTarget "HomeWork2 (sliders)" */ = {
			isa = XCConfigurationList;
			buildConfigurations = (
				A024B66C27554D0D00EC6A1E /* Debug */,
				A024B66D27554D0D00EC6A1E /* Release */,
			);
			defaultConfigurationIsVisible = 0;
			defaultConfigurationName = Release;
		};
/* End XCConfigurationList section */
	};
	rootObject = A024B64F27554D0900EC6A1E /* Project object */;
}
